// !$*UTF8*$!
{
	archiveVersion = 1;
	classes = {
	};
	objectVersion = 50;
	objects = {

/* Begin PBXBuildFile section */
		B07160F82476BB50005C6AFF /* TimerControlDelegateProtocol.swift in Sources */ = {isa = PBXBuildFile; fileRef = B07160F72476BB50005C6AFF /* TimerControlDelegateProtocol.swift */; };
		B0D88CCB246EEC6900083617 /* TimerControl.framework in Frameworks */ = {isa = PBXBuildFile; fileRef = B0D88CC1246EEC6900083617 /* TimerControl.framework */; };
		B0D88CD0246EEC6900083617 /* TimerControlTests.swift in Sources */ = {isa = PBXBuildFile; fileRef = B0D88CCF246EEC6900083617 /* TimerControlTests.swift */; };
		B0D88CD2246EEC6900083617 /* TimerControl.h in Headers */ = {isa = PBXBuildFile; fileRef = B0D88CC4246EEC6900083617 /* TimerControl.h */; settings = {ATTRIBUTES = (Public, ); }; };
		B0D88CDC246EED3400083617 /* TimerControlView.swift in Sources */ = {isa = PBXBuildFile; fileRef = B0D88CDB246EED3400083617 /* TimerControlView.swift */; };
		B0D88D2E246F362300083617 /* TimerControl.framework in CopyFiles */ = {isa = PBXBuildFile; fileRef = B0D88CC1246EEC6900083617 /* TimerControl.framework */; settings = {ATTRIBUTES = (CodeSignOnCopy, RemoveHeadersOnCopy, ); }; };
/* End PBXBuildFile section */

/* Begin PBXContainerItemProxy section */
		B0D88CCC246EEC6900083617 /* PBXContainerItemProxy */ = {
			isa = PBXContainerItemProxy;
			containerPortal = B0D88CB8246EEC6900083617 /* Project object */;
			proxyType = 1;
			remoteGlobalIDString = B0D88CC0246EEC6900083617;
			remoteInfo = TimerControl;
		};
/* End PBXContainerItemProxy section */

/* Begin PBXCopyFilesBuildPhase section */
		B0D88D2D246F361900083617 /* CopyFiles */ = {
			isa = PBXCopyFilesBuildPhase;
			buildActionMask = 8;
			dstPath = /$SRCROOT;
			dstSubfolderSpec = 0;
			files = (
				B0D88D2E246F362300083617 /* TimerControl.framework in CopyFiles */,
			);
			runOnlyForDeploymentPostprocessing = 1;
		};
/* End PBXCopyFilesBuildPhase section */

/* Begin PBXFileReference section */
		B07160F72476BB50005C6AFF /* TimerControlDelegateProtocol.swift */ = {isa = PBXFileReference; lastKnownFileType = sourcecode.swift; path = TimerControlDelegateProtocol.swift; sourceTree = "<group>"; };
		B0D88CC1246EEC6900083617 /* TimerControl.framework */ = {isa = PBXFileReference; explicitFileType = wrapper.framework; includeInIndex = 0; path = TimerControl.framework; sourceTree = BUILT_PRODUCTS_DIR; };
		B0D88CC4246EEC6900083617 /* TimerControl.h */ = {isa = PBXFileReference; lastKnownFileType = sourcecode.c.h; path = TimerControl.h; sourceTree = "<group>"; };
		B0D88CC5246EEC6900083617 /* Info.plist */ = {isa = PBXFileReference; lastKnownFileType = text.plist.xml; path = Info.plist; sourceTree = "<group>"; };
		B0D88CCA246EEC6900083617 /* TimerControlTests.xctest */ = {isa = PBXFileReference; explicitFileType = wrapper.cfbundle; includeInIndex = 0; path = TimerControlTests.xctest; sourceTree = BUILT_PRODUCTS_DIR; };
		B0D88CCF246EEC6900083617 /* TimerControlTests.swift */ = {isa = PBXFileReference; lastKnownFileType = sourcecode.swift; path = TimerControlTests.swift; sourceTree = "<group>"; };
		B0D88CD1246EEC6900083617 /* Info.plist */ = {isa = PBXFileReference; lastKnownFileType = text.plist.xml; path = Info.plist; sourceTree = "<group>"; };
		B0D88CDB246EED3400083617 /* TimerControlView.swift */ = {isa = PBXFileReference; lastKnownFileType = sourcecode.swift; path = TimerControlView.swift; sourceTree = "<group>"; };
/* End PBXFileReference section */

/* Begin PBXFrameworksBuildPhase section */
		B0D88CBE246EEC6900083617 /* Frameworks */ = {
			isa = PBXFrameworksBuildPhase;
			buildActionMask = 2147483647;
			files = (
			);
			runOnlyForDeploymentPostprocessing = 0;
		};
		B0D88CC7246EEC6900083617 /* Frameworks */ = {
			isa = PBXFrameworksBuildPhase;
			buildActionMask = 2147483647;
			files = (
				B0D88CCB246EEC6900083617 /* TimerControl.framework in Frameworks */,
			);
			runOnlyForDeploymentPostprocessing = 0;
		};
/* End PBXFrameworksBuildPhase section */

/* Begin PBXGroup section */
		B0D88CB7246EEC6900083617 = {
			isa = PBXGroup;
			children = (
				B0D88CC3246EEC6900083617 /* TimerControl */,
				B0D88CCE246EEC6900083617 /* TimerControlTests */,
				B0D88CC2246EEC6900083617 /* Products */,
			);
			sourceTree = "<group>";
		};
		B0D88CC2246EEC6900083617 /* Products */ = {
			isa = PBXGroup;
			children = (
				B0D88CC1246EEC6900083617 /* TimerControl.framework */,
				B0D88CCA246EEC6900083617 /* TimerControlTests.xctest */,
			);
			name = Products;
			sourceTree = SOURCE_ROOT;
		};
		B0D88CC3246EEC6900083617 /* TimerControl */ = {
			isa = PBXGroup;
			children = (
				B0D88CC4246EEC6900083617 /* TimerControl.h */,
				B0D88CDB246EED3400083617 /* TimerControlView.swift */,
				B07160F72476BB50005C6AFF /* TimerControlDelegateProtocol.swift */,
				B0D88CC5246EEC6900083617 /* Info.plist */,
			);
			path = TimerControl;
			sourceTree = "<group>";
		};
		B0D88CCE246EEC6900083617 /* TimerControlTests */ = {
			isa = PBXGroup;
			children = (
				B0D88CCF246EEC6900083617 /* TimerControlTests.swift */,
				B0D88CD1246EEC6900083617 /* Info.plist */,
			);
			path = TimerControlTests;
			sourceTree = "<group>";
		};
/* End PBXGroup section */

/* Begin PBXHeadersBuildPhase section */
		B0D88CBC246EEC6900083617 /* Headers */ = {
			isa = PBXHeadersBuildPhase;
			buildActionMask = 2147483647;
			files = (
				B0D88CD2246EEC6900083617 /* TimerControl.h in Headers */,
			);
			runOnlyForDeploymentPostprocessing = 0;
		};
/* End PBXHeadersBuildPhase section */

/* Begin PBXNativeTarget section */
		B0D88CC0246EEC6900083617 /* TimerControl */ = {
			isa = PBXNativeTarget;
			buildConfigurationList = B0D88CD5246EEC6900083617 /* Build configuration list for PBXNativeTarget "TimerControl" */;
			buildPhases = (
				B0D88CBC246EEC6900083617 /* Headers */,
				B0D88CBD246EEC6900083617 /* Sources */,
				B0D88CBE246EEC6900083617 /* Frameworks */,
				B0D88CBF246EEC6900083617 /* Resources */,
				B0D88D2D246F361900083617 /* CopyFiles */,
			);
			buildRules = (
			);
			dependencies = (
			);
			name = TimerControl;
			productName = TimerControl;
			productReference = B0D88CC1246EEC6900083617 /* TimerControl.framework */;
			productType = "com.apple.product-type.framework";
		};
		B0D88CC9246EEC6900083617 /* TimerControlTests */ = {
			isa = PBXNativeTarget;
			buildConfigurationList = B0D88CD8246EEC6900083617 /* Build configuration list for PBXNativeTarget "TimerControlTests" */;
			buildPhases = (
				B0D88CC6246EEC6900083617 /* Sources */,
				B0D88CC7246EEC6900083617 /* Frameworks */,
				B0D88CC8246EEC6900083617 /* Resources */,
			);
			buildRules = (
			);
			dependencies = (
				B0D88CCD246EEC6900083617 /* PBXTargetDependency */,
			);
			name = TimerControlTests;
			productName = TimerControlTests;
			productReference = B0D88CCA246EEC6900083617 /* TimerControlTests.xctest */;
			productType = "com.apple.product-type.bundle.unit-test";
		};
/* End PBXNativeTarget section */

/* Begin PBXProject section */
		B0D88CB8246EEC6900083617 /* Project object */ = {
			isa = PBXProject;
			attributes = {
				LastSwiftUpdateCheck = 1140;
				LastUpgradeCheck = 1140;
				ORGANIZATIONNAME = "mark jones";
				TargetAttributes = {
					B0D88CC0246EEC6900083617 = {
						CreatedOnToolsVersion = 11.4.1;
						LastSwiftMigration = 1140;
					};
					B0D88CC9246EEC6900083617 = {
						CreatedOnToolsVersion = 11.4.1;
					};
				};
			};
			buildConfigurationList = B0D88CBB246EEC6900083617 /* Build configuration list for PBXProject "TimerControl" */;
			compatibilityVersion = "Xcode 9.3";
			developmentRegion = en;
			hasScannedForEncodings = 0;
			knownRegions = (
				en,
				Base,
			);
			mainGroup = B0D88CB7246EEC6900083617;
			productRefGroup = B0D88CC2246EEC6900083617 /* Products */;
			projectDirPath = "";
			projectRoot = "";
			targets = (
				B0D88CC0246EEC6900083617 /* TimerControl */,
				B0D88CC9246EEC6900083617 /* TimerControlTests */,
			);
		};
/* End PBXProject section */

/* Begin PBXResourcesBuildPhase section */
		B0D88CBF246EEC6900083617 /* Resources */ = {
			isa = PBXResourcesBuildPhase;
			buildActionMask = 2147483647;
			files = (
			);
			runOnlyForDeploymentPostprocessing = 0;
		};
		B0D88CC8246EEC6900083617 /* Resources */ = {
			isa = PBXResourcesBuildPhase;
			buildActionMask = 2147483647;
			files = (
			);
			runOnlyForDeploymentPostprocessing = 0;
		};
/* End PBXResourcesBuildPhase section */

/* Begin PBXSourcesBuildPhase section */
		B0D88CBD246EEC6900083617 /* Sources */ = {
			isa = PBXSourcesBuildPhase;
			buildActionMask = 2147483647;
			files = (
				B0D88CDC246EED3400083617 /* TimerControlView.swift in Sources */,
				B07160F82476BB50005C6AFF /* TimerControlDelegateProtocol.swift in Sources */,
			);
			runOnlyForDeploymentPostprocessing = 0;
		};
		B0D88CC6246EEC6900083617 /* Sources */ = {
			isa = PBXSourcesBuildPhase;
			buildActionMask = 2147483647;
			files = (
				B0D88CD0246EEC6900083617 /* TimerControlTests.swift in Sources */,
			);
			runOnlyForDeploymentPostprocessing = 0;
		};
/* End PBXSourcesBuildPhase section */

/* Begin PBXTargetDependency section */
		B0D88CCD246EEC6900083617 /* PBXTargetDependency */ = {
			isa = PBXTargetDependency;
			target = B0D88CC0246EEC6900083617 /* TimerControl */;
			targetProxy = B0D88CCC246EEC6900083617 /* PBXContainerItemProxy */;
		};
/* End PBXTargetDependency section */

/* Begin XCBuildConfiguration section */
		B0D88CD3246EEC6900083617 /* Debug */ = {
			isa = XCBuildConfiguration;
			buildSettings = {
				ALWAYS_SEARCH_USER_PATHS = NO;
				CLANG_ANALYZER_NONNULL = YES;
				CLANG_ANALYZER_NUMBER_OBJECT_CONVERSION = YES_AGGRESSIVE;
				CLANG_CXX_LANGUAGE_STANDARD = "gnu++14";
				CLANG_CXX_LIBRARY = "libc++";
				CLANG_ENABLE_MODULES = YES;
				CLANG_ENABLE_OBJC_ARC = YES;
				CLANG_ENABLE_OBJC_WEAK = YES;
				CLANG_WARN_BLOCK_CAPTURE_AUTORELEASING = YES;
				CLANG_WARN_BOOL_CONVERSION = YES;
				CLANG_WARN_COMMA = YES;
				CLANG_WARN_CONSTANT_CONVERSION = YES;
				CLANG_WARN_DEPRECATED_OBJC_IMPLEMENTATIONS = YES;
				CLANG_WARN_DIRECT_OBJC_ISA_USAGE = YES_ERROR;
				CLANG_WARN_DOCUMENTATION_COMMENTS = YES;
				CLANG_WARN_EMPTY_BODY = YES;
				CLANG_WARN_ENUM_CONVERSION = YES;
				CLANG_WARN_INFINITE_RECURSION = YES;
				CLANG_WARN_INT_CONVERSION = YES;
				CLANG_WARN_NON_LITERAL_NULL_CONVERSION = YES;
				CLANG_WARN_OBJC_IMPLICIT_RETAIN_SELF = YES;
				CLANG_WARN_OBJC_LITERAL_CONVERSION = YES;
				CLANG_WARN_OBJC_ROOT_CLASS = YES_ERROR;
				CLANG_WARN_RANGE_LOOP_ANALYSIS = YES;
				CLANG_WARN_STRICT_PROTOTYPES = YES;
				CLANG_WARN_SUSPICIOUS_MOVE = YES;
				CLANG_WARN_UNGUARDED_AVAILABILITY = YES_AGGRESSIVE;
				CLANG_WARN_UNREACHABLE_CODE = YES;
				CLANG_WARN__DUPLICATE_METHOD_MATCH = YES;
				COPY_PHASE_STRIP = NO;
				CURRENT_PROJECT_VERSION = 1;
				DEBUG_INFORMATION_FORMAT = dwarf;
				ENABLE_STRICT_OBJC_MSGSEND = YES;
				ENABLE_TESTABILITY = YES;
				GCC_C_LANGUAGE_STANDARD = gnu11;
				GCC_DYNAMIC_NO_PIC = NO;
				GCC_NO_COMMON_BLOCKS = YES;
				GCC_OPTIMIZATION_LEVEL = 0;
				GCC_PREPROCESSOR_DEFINITIONS = (
					"DEBUG=1",
					"$(inherited)",
				);
				GCC_WARN_64_TO_32_BIT_CONVERSION = YES;
				GCC_WARN_ABOUT_RETURN_TYPE = YES_ERROR;
				GCC_WARN_UNDECLARED_SELECTOR = YES;
				GCC_WARN_UNINITIALIZED_AUTOS = YES_AGGRESSIVE;
				GCC_WARN_UNUSED_FUNCTION = YES;
				GCC_WARN_UNUSED_VARIABLE = YES;
				IPHONEOS_DEPLOYMENT_TARGET = 13.4;
				MTL_ENABLE_DEBUG_INFO = INCLUDE_SOURCE;
				MTL_FAST_MATH = YES;
				ONLY_ACTIVE_ARCH = YES;
				SDKROOT = iphoneos;
				SWIFT_ACTIVE_COMPILATION_CONDITIONS = DEBUG;
				SWIFT_OPTIMIZATION_LEVEL = "-Onone";
				VERSIONING_SYSTEM = "apple-generic";
				VERSION_INFO_PREFIX = "";
			};
			name = Debug;
		};
		B0D88CD4246EEC6900083617 /* Release */ = {
			isa = XCBuildConfiguration;
			buildSettings = {
				ALWAYS_SEARCH_USER_PATHS = NO;
				CLANG_ANALYZER_NONNULL = YES;
				CLANG_ANALYZER_NUMBER_OBJECT_CONVERSION = YES_AGGRESSIVE;
				CLANG_CXX_LANGUAGE_STANDARD = "gnu++14";
				CLANG_CXX_LIBRARY = "libc++";
				CLANG_ENABLE_MODULES = YES;
				CLANG_ENABLE_OBJC_ARC = YES;
				CLANG_ENABLE_OBJC_WEAK = YES;
				CLANG_WARN_BLOCK_CAPTURE_AUTORELEASING = YES;
				CLANG_WARN_BOOL_CONVERSION = YES;
				CLANG_WARN_COMMA = YES;
				CLANG_WARN_CONSTANT_CONVERSION = YES;
				CLANG_WARN_DEPRECATED_OBJC_IMPLEMENTATIONS = YES;
				CLANG_WARN_DIRECT_OBJC_ISA_USAGE = YES_ERROR;
				CLANG_WARN_DOCUMENTATION_COMMENTS = YES;
				CLANG_WARN_EMPTY_BODY = YES;
				CLANG_WARN_ENUM_CONVERSION = YES;
				CLANG_WARN_INFINITE_RECURSION = YES;
				CLANG_WARN_INT_CONVERSION = YES;
				CLANG_WARN_NON_LITERAL_NULL_CONVERSION = YES;
				CLANG_WARN_OBJC_IMPLICIT_RETAIN_SELF = YES;
				CLANG_WARN_OBJC_LITERAL_CONVERSION = YES;
				CLANG_WARN_OBJC_ROOT_CLASS = YES_ERROR;
				CLANG_WARN_RANGE_LOOP_ANALYSIS = YES;
				CLANG_WARN_STRICT_PROTOTYPES = YES;
				CLANG_WARN_SUSPICIOUS_MOVE = YES;
				CLANG_WARN_UNGUARDED_AVAILABILITY = YES_AGGRESSIVE;
				CLANG_WARN_UNREACHABLE_CODE = YES;
				CLANG_WARN__DUPLICATE_METHOD_MATCH = YES;
				COPY_PHASE_STRIP = NO;
				CURRENT_PROJECT_VERSION = 1;
				DEBUG_INFORMATION_FORMAT = "dwarf-with-dsym";
				ENABLE_NS_ASSERTIONS = NO;
				ENABLE_STRICT_OBJC_MSGSEND = YES;
				GCC_C_LANGUAGE_STANDARD = gnu11;
				GCC_NO_COMMON_BLOCKS = YES;
				GCC_WARN_64_TO_32_BIT_CONVERSION = YES;
				GCC_WARN_ABOUT_RETURN_TYPE = YES_ERROR;
				GCC_WARN_UNDECLARED_SELECTOR = YES;
				GCC_WARN_UNINITIALIZED_AUTOS = YES_AGGRESSIVE;
				GCC_WARN_UNUSED_FUNCTION = YES;
				GCC_WARN_UNUSED_VARIABLE = YES;
				IPHONEOS_DEPLOYMENT_TARGET = 13.4;
				MTL_ENABLE_DEBUG_INFO = NO;
				MTL_FAST_MATH = YES;
				SDKROOT = iphoneos;
				SWIFT_COMPILATION_MODE = wholemodule;
				SWIFT_OPTIMIZATION_LEVEL = "-O";
				VALIDATE_PRODUCT = YES;
				VERSIONING_SYSTEM = "apple-generic";
				VERSION_INFO_PREFIX = "";
			};
			name = Release;
		};
		B0D88CD6246EEC6900083617 /* Debug */ = {
			isa = XCBuildConfiguration;
			buildSettings = {
				CLANG_ENABLE_MODULES = YES;
				CODE_SIGN_STYLE = Automatic;
				DEFINES_MODULE = YES;
				DEVELOPMENT_TEAM = MXR39B5CCQ;
				DYLIB_COMPATIBILITY_VERSION = 1;
				DYLIB_CURRENT_VERSION = 1;
				DYLIB_INSTALL_NAME_BASE = "@rpath";
				FRAMEWORK_SEARCH_PATHS = "";
				INFOPLIST_FILE = TimerControl/Info.plist;
				INSTALL_PATH = "$(LOCAL_LIBRARY_DIR)/Frameworks";
				IPHONEOS_DEPLOYMENT_TARGET = 12.0;
				LD_RUNPATH_SEARCH_PATHS = (
					"$(inherited)",
					"@executable_path/Frameworks",
					"@loader_path/Frameworks",
				);
				PRODUCT_BUNDLE_IDENTIFIER = mjpro.TimerControl;
				PRODUCT_NAME = "$(TARGET_NAME:c99extidentifier)";
				SKIP_INSTALL = YES;
				SWIFT_OPTIMIZATION_LEVEL = "-Onone";
				SWIFT_VERSION = 5.0;
				TARGETED_DEVICE_FAMILY = "1,2";
			};
			name = Debug;
		};
		B0D88CD7246EEC6900083617 /* Release */ = {
			isa = XCBuildConfiguration;
			buildSettings = {
				CLANG_ENABLE_MODULES = YES;
				CODE_SIGN_STYLE = Automatic;
				DEFINES_MODULE = YES;
				DEVELOPMENT_TEAM = MXR39B5CCQ;
				DYLIB_COMPATIBILITY_VERSION = 1;
				DYLIB_CURRENT_VERSION = 1;
				DYLIB_INSTALL_NAME_BASE = "@rpath";
				FRAMEWORK_SEARCH_PATHS = "";
				INFOPLIST_FILE = TimerControl/Info.plist;
				INSTALL_PATH = "$(LOCAL_LIBRARY_DIR)/Frameworks";
				IPHONEOS_DEPLOYMENT_TARGET = 12.0;
				LD_RUNPATH_SEARCH_PATHS = (
					"$(inherited)",
					"@executable_path/Frameworks",
					"@loader_path/Frameworks",
				);
				PRODUCT_BUNDLE_IDENTIFIER = mjpro.TimerControl;
				PRODUCT_NAME = "$(TARGET_NAME:c99extidentifier)";
				SKIP_INSTALL = YES;
				SWIFT_VERSION = 5.0;
				TARGETED_DEVICE_FAMILY = "1,2";
			};
			name = Release;
		};
		B0D88CD9246EEC6900083617 /* Debug */ = {
			isa = XCBuildConfiguration;
			buildSettings = {
				ALWAYS_EMBED_SWIFT_STANDARD_LIBRARIES = YES;
				CODE_SIGN_STYLE = Automatic;
				DEVELOPMENT_TEAM = MXR39B5CCQ;
				INFOPLIST_FILE = TimerControlTests/Info.plist;
				LD_RUNPATH_SEARCH_PATHS = (
					"$(inherited)",
					"@executable_path/Frameworks",
					"@loader_path/Frameworks",
				);
				PRODUCT_BUNDLE_IDENTIFIER = mjpro.TimerControlTests;
				PRODUCT_NAME = "$(TARGET_NAME)";
				SWIFT_VERSION = 5.0;
				TARGETED_DEVICE_FAMILY = "1,2";
			};
			name = Debug;
		};
		B0D88CDA246EEC6900083617 /* Release */ = {
			isa = XCBuildConfiguration;
			buildSettings = {
				ALWAYS_EMBED_SWIFT_STANDARD_LIBRARIES = YES;
				CODE_SIGN_STYLE = Automatic;
				DEVELOPMENT_TEAM = MXR39B5CCQ;
				INFOPLIST_FILE = TimerControlTests/Info.plist;
				LD_RUNPATH_SEARCH_PATHS = (
					"$(inherited)",
					"@executable_path/Frameworks",
					"@loader_path/Frameworks",
				);
				PRODUCT_BUNDLE_IDENTIFIER = mjpro.TimerControlTests;
				PRODUCT_NAME = "$(TARGET_NAME)";
				SWIFT_VERSION = 5.0;
				TARGETED_DEVICE_FAMILY = "1,2";
			};
			name = Release;
		};
/* End XCBuildConfiguration section */

/* Begin XCConfigurationList section */
		B0D88CBB246EEC6900083617 /* Build configuration list for PBXProject "TimerControl" */ = {
			isa = XCConfigurationList;
			buildConfigurations = (
				B0D88CD3246EEC6900083617 /* Debug */,
				B0D88CD4246EEC6900083617 /* Release */,
			);
			defaultConfigurationIsVisible = 0;
			defaultConfigurationName = Release;
		};
		B0D88CD5246EEC6900083617 /* Build configuration list for PBXNativeTarget "TimerControl" */ = {
			isa = XCConfigurationList;
			buildConfigurations = (
				B0D88CD6246EEC6900083617 /* Debug */,
				B0D88CD7246EEC6900083617 /* Release */,
			);
			defaultConfigurationIsVisible = 0;
			defaultConfigurationName = Release;
		};
		B0D88CD8246EEC6900083617 /* Build configuration list for PBXNativeTarget "TimerControlTests" */ = {
			isa = XCConfigurationList;
			buildConfigurations = (
				B0D88CD9246EEC6900083617 /* Debug */,
				B0D88CDA246EEC6900083617 /* Release */,
			);
			defaultConfigurationIsVisible = 0;
			defaultConfigurationName = Release;
		};
/* End XCConfigurationList section */
	};
	rootObject = B0D88CB8246EEC6900083617 /* Project object */;
}
