// !$*UTF8*$!
{
	archiveVersion = 1;
	classes = {
	};
	objectVersion = 46;
	objects = {

/* Begin PBXAggregateTarget section */
		"TimerControl::TimerControlPackageTests::ProductTarget" /* TimerControlPackageTests */ = {
			isa = PBXAggregateTarget;
			buildConfigurationList = OBJ_56 /* Build configuration list for PBXAggregateTarget "TimerControlPackageTests" */;
			buildPhases = (
			);
			dependencies = (
				OBJ_59 /* PBXTargetDependency */,
			);
			name = TimerControlPackageTests;
			productName = TimerControlPackageTests;
		};
/* End PBXAggregateTarget section */

/* Begin PBXBuildFile section */
		OBJ_43 /* FatalErrorUtil.swift in Sources */ = {isa = PBXBuildFile; fileRef = OBJ_11 /* FatalErrorUtil.swift */; };
		OBJ_44 /* TimerControlConstants.swift in Sources */ = {isa = PBXBuildFile; fileRef = OBJ_12 /* TimerControlConstants.swift */; };
		OBJ_45 /* TimerControlDashPattern.swift in Sources */ = {isa = PBXBuildFile; fileRef = OBJ_13 /* TimerControlDashPattern.swift */; };
		OBJ_46 /* TimerControlDelegate.swift in Sources */ = {isa = PBXBuildFile; fileRef = OBJ_14 /* TimerControlDelegate.swift */; };
		OBJ_47 /* TimerControlView.swift in Sources */ = {isa = PBXBuildFile; fileRef = OBJ_15 /* TimerControlView.swift */; };
		OBJ_54 /* Package.swift in Sources */ = {isa = PBXBuildFile; fileRef = OBJ_6 /* Package.swift */; };
		OBJ_65 /* XCTestCase+FatalError.swift in Sources */ = {isa = PBXBuildFile; fileRef = OBJ_20 /* XCTestCase+FatalError.swift */; };
		OBJ_66 /* MockBezierPath.swift in Sources */ = {isa = PBXBuildFile; fileRef = OBJ_22 /* MockBezierPath.swift */; };
		OBJ_67 /* MockCAShapeLayer.swift in Sources */ = {isa = PBXBuildFile; fileRef = OBJ_23 /* MockCAShapeLayer.swift */; };
		OBJ_68 /* MockColor.swift in Sources */ = {isa = PBXBuildFile; fileRef = OBJ_24 /* MockColor.swift */; };
		OBJ_69 /* MockNotificationCentre.swift in Sources */ = {isa = PBXBuildFile; fileRef = OBJ_25 /* MockNotificationCentre.swift */; };
		OBJ_70 /* MockSut.swift in Sources */ = {isa = PBXBuildFile; fileRef = OBJ_26 /* MockSut.swift */; };
		OBJ_71 /* MockTimer.swift in Sources */ = {isa = PBXBuildFile; fileRef = OBJ_27 /* MockTimer.swift */; };
		OBJ_72 /* MockUserDefaults.swift in Sources */ = {isa = PBXBuildFile; fileRef = OBJ_28 /* MockUserDefaults.swift */; };
		OBJ_73 /* MockViewController.swift in Sources */ = {isa = PBXBuildFile; fileRef = OBJ_29 /* MockViewController.swift */; };
		OBJ_74 /* TimerControlViewTests.swift in Sources */ = {isa = PBXBuildFile; fileRef = OBJ_30 /* TimerControlViewTests.swift */; };
		OBJ_76 /* TimerControl.framework in Frameworks */ = {isa = PBXBuildFile; fileRef = "TimerControl::TimerControl::Product" /* TimerControl.framework */; };
/* End PBXBuildFile section */

/* Begin PBXContainerItemProxy section */
		B0FD8731249A45C30084C78C /* PBXContainerItemProxy */ = {
			isa = PBXContainerItemProxy;
			containerPortal = OBJ_1 /* Project object */;
			proxyType = 1;
			remoteGlobalIDString = "TimerControl::TimerControl";
			remoteInfo = TimerControl;
		};
		B0FD8732249A45C30084C78C /* PBXContainerItemProxy */ = {
			isa = PBXContainerItemProxy;
			containerPortal = OBJ_1 /* Project object */;
			proxyType = 1;
			remoteGlobalIDString = "TimerControl::TimerControlTests";
			remoteInfo = TimerControlTests;
		};
/* End PBXContainerItemProxy section */

/* Begin PBXFileReference section */
		B0FD873C249A877B0084C78C /* TimerControl.podspec */ = {isa = PBXFileReference; fileEncoding = 4; lastKnownFileType = text; path = TimerControl.podspec; sourceTree = "<group>"; };
		B0FD873E249A8CD80084C78C /* LICENSE */ = {isa = PBXFileReference; fileEncoding = 4; lastKnownFileType = text; path = LICENSE; sourceTree = "<group>"; };
		OBJ_10 /* Info.plist */ = {isa = PBXFileReference; lastKnownFileType = text.plist.xml; path = Info.plist; sourceTree = "<group>"; };
		OBJ_11 /* FatalErrorUtil.swift */ = {isa = PBXFileReference; lastKnownFileType = sourcecode.swift; path = FatalErrorUtil.swift; sourceTree = "<group>"; };
		OBJ_12 /* TimerControlConstants.swift */ = {isa = PBXFileReference; lastKnownFileType = sourcecode.swift; path = TimerControlConstants.swift; sourceTree = "<group>"; };
		OBJ_13 /* TimerControlDashPattern.swift */ = {isa = PBXFileReference; lastKnownFileType = sourcecode.swift; path = TimerControlDashPattern.swift; sourceTree = "<group>"; };
		OBJ_14 /* TimerControlDelegate.swift */ = {isa = PBXFileReference; lastKnownFileType = sourcecode.swift; path = TimerControlDelegate.swift; sourceTree = "<group>"; };
		OBJ_15 /* TimerControlView.swift */ = {isa = PBXFileReference; lastKnownFileType = sourcecode.swift; path = TimerControlView.swift; sourceTree = "<group>"; };
		OBJ_18 /* Info.plist */ = {isa = PBXFileReference; lastKnownFileType = text.plist.xml; path = Info.plist; sourceTree = "<group>"; };
		OBJ_20 /* XCTestCase+FatalError.swift */ = {isa = PBXFileReference; lastKnownFileType = sourcecode.swift; path = "XCTestCase+FatalError.swift"; sourceTree = "<group>"; };
		OBJ_22 /* MockBezierPath.swift */ = {isa = PBXFileReference; lastKnownFileType = sourcecode.swift; path = MockBezierPath.swift; sourceTree = "<group>"; };
		OBJ_23 /* MockCAShapeLayer.swift */ = {isa = PBXFileReference; lastKnownFileType = sourcecode.swift; path = MockCAShapeLayer.swift; sourceTree = "<group>"; };
		OBJ_24 /* MockColor.swift */ = {isa = PBXFileReference; lastKnownFileType = sourcecode.swift; path = MockColor.swift; sourceTree = "<group>"; };
		OBJ_25 /* MockNotificationCentre.swift */ = {isa = PBXFileReference; lastKnownFileType = sourcecode.swift; path = MockNotificationCentre.swift; sourceTree = "<group>"; };
		OBJ_26 /* MockSut.swift */ = {isa = PBXFileReference; lastKnownFileType = sourcecode.swift; path = MockSut.swift; sourceTree = "<group>"; };
		OBJ_27 /* MockTimer.swift */ = {isa = PBXFileReference; lastKnownFileType = sourcecode.swift; path = MockTimer.swift; sourceTree = "<group>"; };
		OBJ_28 /* MockUserDefaults.swift */ = {isa = PBXFileReference; lastKnownFileType = sourcecode.swift; path = MockUserDefaults.swift; sourceTree = "<group>"; };
		OBJ_29 /* MockViewController.swift */ = {isa = PBXFileReference; lastKnownFileType = sourcecode.swift; path = MockViewController.swift; sourceTree = "<group>"; };
		OBJ_30 /* TimerControlViewTests.swift */ = {isa = PBXFileReference; lastKnownFileType = sourcecode.swift; path = TimerControlViewTests.swift; sourceTree = "<group>"; };
		OBJ_37 /* README.md */ = {isa = PBXFileReference; lastKnownFileType = net.daringfireball.markdown; path = README.md; sourceTree = "<group>"; };
		OBJ_6 /* Package.swift */ = {isa = PBXFileReference; explicitFileType = sourcecode.swift; path = Package.swift; sourceTree = "<group>"; };
		OBJ_9 /* TimerControl.h */ = {isa = PBXFileReference; lastKnownFileType = sourcecode.c.h; path = TimerControl.h; sourceTree = "<group>"; };
		"TimerControl::TimerControl::Product" /* TimerControl.framework */ = {isa = PBXFileReference; lastKnownFileType = wrapper.framework; path = TimerControl.framework; sourceTree = BUILT_PRODUCTS_DIR; };
		"TimerControl::TimerControlTests::Product" /* TimerControlTests.xctest */ = {isa = PBXFileReference; lastKnownFileType = file; path = TimerControlTests.xctest; sourceTree = BUILT_PRODUCTS_DIR; };
/* End PBXFileReference section */

/* Begin PBXFrameworksBuildPhase section */
		OBJ_48 /* Frameworks */ = {
			isa = PBXFrameworksBuildPhase;
			buildActionMask = 0;
			files = (
			);
			runOnlyForDeploymentPostprocessing = 0;
		};
		OBJ_75 /* Frameworks */ = {
			isa = PBXFrameworksBuildPhase;
			buildActionMask = 0;
			files = (
				OBJ_76 /* TimerControl.framework in Frameworks */,
			);
			runOnlyForDeploymentPostprocessing = 0;
		};
/* End PBXFrameworksBuildPhase section */

/* Begin PBXGroup section */
		OBJ_16 /* Tests */ = {
			isa = PBXGroup;
			children = (
				OBJ_17 /* TimerControlTests */,
			);
			name = Tests;
			sourceTree = SOURCE_ROOT;
		};
		OBJ_17 /* TimerControlTests */ = {
			isa = PBXGroup;
			children = (
				OBJ_18 /* Info.plist */,
				OBJ_19 /* Extensions */,
				OBJ_21 /* Mocks */,
				OBJ_30 /* TimerControlViewTests.swift */,
			);
			name = TimerControlTests;
			path = Tests/TimerControlTests;
			sourceTree = SOURCE_ROOT;
		};
		OBJ_19 /* Extensions */ = {
			isa = PBXGroup;
			children = (
				OBJ_20 /* XCTestCase+FatalError.swift */,
			);
			path = Extensions;
			sourceTree = "<group>";
		};
		OBJ_21 /* Mocks */ = {
			isa = PBXGroup;
			children = (
				OBJ_22 /* MockBezierPath.swift */,
				OBJ_23 /* MockCAShapeLayer.swift */,
				OBJ_24 /* MockColor.swift */,
				OBJ_25 /* MockNotificationCentre.swift */,
				OBJ_26 /* MockSut.swift */,
				OBJ_27 /* MockTimer.swift */,
				OBJ_28 /* MockUserDefaults.swift */,
				OBJ_29 /* MockViewController.swift */,
			);
			path = Mocks;
			sourceTree = "<group>";
		};
		OBJ_31 /* Products */ = {
			isa = PBXGroup;
			children = (
				"TimerControl::TimerControl::Product" /* TimerControl.framework */,
				"TimerControl::TimerControlTests::Product" /* TimerControlTests.xctest */,
			);
			name = Products;
			sourceTree = BUILT_PRODUCTS_DIR;
		};
		OBJ_5 = {
			isa = PBXGroup;
			children = (
				B0FD873E249A8CD80084C78C /* LICENSE */,
				B0FD873C249A877B0084C78C /* TimerControl.podspec */,
				OBJ_37 /* README.md */,
				OBJ_6 /* Package.swift */,
				OBJ_7 /* Sources */,
				OBJ_16 /* Tests */,
				OBJ_31 /* Products */,
			);
			sourceTree = "<group>";
		};
		OBJ_7 /* Sources */ = {
			isa = PBXGroup;
			children = (
				OBJ_8 /* TimerControl */,
			);
			name = Sources;
			sourceTree = SOURCE_ROOT;
		};
		OBJ_8 /* TimerControl */ = {
			isa = PBXGroup;
			children = (
				OBJ_10 /* Info.plist */,
				OBJ_9 /* TimerControl.h */,
				OBJ_11 /* FatalErrorUtil.swift */,
				OBJ_12 /* TimerControlConstants.swift */,
				OBJ_13 /* TimerControlDashPattern.swift */,
				OBJ_14 /* TimerControlDelegate.swift */,
				OBJ_15 /* TimerControlView.swift */,
			);
			name = TimerControl;
			path = Sources/TimerControl;
			sourceTree = SOURCE_ROOT;
		};
/* End PBXGroup section */

/* Begin PBXNativeTarget section */
		"TimerControl::SwiftPMPackageDescription" /* TimerControlPackageDescription */ = {
			isa = PBXNativeTarget;
			buildConfigurationList = OBJ_50 /* Build configuration list for PBXNativeTarget "TimerControlPackageDescription" */;
			buildPhases = (
				OBJ_53 /* Sources */,
			);
			buildRules = (
			);
			dependencies = (
			);
			name = TimerControlPackageDescription;
			productName = TimerControlPackageDescription;
			productType = "com.apple.product-type.framework";
		};
		"TimerControl::TimerControl" /* TimerControl */ = {
			isa = PBXNativeTarget;
			buildConfigurationList = OBJ_39 /* Build configuration list for PBXNativeTarget "TimerControl" */;
			buildPhases = (
				OBJ_42 /* Sources */,
				OBJ_48 /* Frameworks */,
			);
			buildRules = (
			);
			dependencies = (
			);
			name = TimerControl;
			productName = TimerControl;
			productReference = "TimerControl::TimerControl::Product" /* TimerControl.framework */;
			productType = "com.apple.product-type.framework";
		};
		"TimerControl::TimerControlTests" /* TimerControlTests */ = {
			isa = PBXNativeTarget;
			buildConfigurationList = OBJ_61 /* Build configuration list for PBXNativeTarget "TimerControlTests" */;
			buildPhases = (
				OBJ_64 /* Sources */,
				OBJ_75 /* Frameworks */,
			);
			buildRules = (
			);
			dependencies = (
				OBJ_77 /* PBXTargetDependency */,
			);
			name = TimerControlTests;
			productName = TimerControlTests;
			productReference = "TimerControl::TimerControlTests::Product" /* TimerControlTests.xctest */;
			productType = "com.apple.product-type.bundle.unit-test";
		};
/* End PBXNativeTarget section */

/* Begin PBXProject section */
		OBJ_1 /* Project object */ = {
			isa = PBXProject;
			attributes = {
				LastSwiftMigration = 9999;
				LastUpgradeCheck = 9999;
			};
			buildConfigurationList = OBJ_2 /* Build configuration list for PBXProject "TimerControl" */;
			compatibilityVersion = "Xcode 3.2";
			developmentRegion = en;
			hasScannedForEncodings = 0;
			knownRegions = (
				en,
			);
			mainGroup = OBJ_5;
			productRefGroup = OBJ_31 /* Products */;
			projectDirPath = "";
			projectRoot = "";
			targets = (
				"TimerControl::TimerControl" /* TimerControl */,
				"TimerControl::SwiftPMPackageDescription" /* TimerControlPackageDescription */,
				"TimerControl::TimerControlPackageTests::ProductTarget" /* TimerControlPackageTests */,
				"TimerControl::TimerControlTests" /* TimerControlTests */,
			);
		};
/* End PBXProject section */

/* Begin PBXSourcesBuildPhase section */
		OBJ_42 /* Sources */ = {
			isa = PBXSourcesBuildPhase;
			buildActionMask = 0;
			files = (
				OBJ_43 /* FatalErrorUtil.swift in Sources */,
				OBJ_44 /* TimerControlConstants.swift in Sources */,
				OBJ_45 /* TimerControlDashPattern.swift in Sources */,
				OBJ_46 /* TimerControlDelegate.swift in Sources */,
				OBJ_47 /* TimerControlView.swift in Sources */,
			);
			runOnlyForDeploymentPostprocessing = 0;
		};
		OBJ_53 /* Sources */ = {
			isa = PBXSourcesBuildPhase;
			buildActionMask = 0;
			files = (
				OBJ_54 /* Package.swift in Sources */,
			);
			runOnlyForDeploymentPostprocessing = 0;
		};
		OBJ_64 /* Sources */ = {
			isa = PBXSourcesBuildPhase;
			buildActionMask = 0;
			files = (
				OBJ_65 /* XCTestCase+FatalError.swift in Sources */,
				OBJ_66 /* MockBezierPath.swift in Sources */,
				OBJ_67 /* MockCAShapeLayer.swift in Sources */,
				OBJ_68 /* MockColor.swift in Sources */,
				OBJ_69 /* MockNotificationCentre.swift in Sources */,
				OBJ_70 /* MockSut.swift in Sources */,
				OBJ_71 /* MockTimer.swift in Sources */,
				OBJ_72 /* MockUserDefaults.swift in Sources */,
				OBJ_73 /* MockViewController.swift in Sources */,
				OBJ_74 /* TimerControlViewTests.swift in Sources */,
			);
			runOnlyForDeploymentPostprocessing = 0;
		};
/* End PBXSourcesBuildPhase section */

/* Begin PBXTargetDependency section */
		OBJ_59 /* PBXTargetDependency */ = {
			isa = PBXTargetDependency;
			target = "TimerControl::TimerControlTests" /* TimerControlTests */;
			targetProxy = B0FD8732249A45C30084C78C /* PBXContainerItemProxy */;
		};
		OBJ_77 /* PBXTargetDependency */ = {
			isa = PBXTargetDependency;
			target = "TimerControl::TimerControl" /* TimerControl */;
			targetProxy = B0FD8731249A45C30084C78C /* PBXContainerItemProxy */;
		};
/* End PBXTargetDependency section */

/* Begin XCBuildConfiguration section */
		OBJ_3 /* Debug */ = {
			isa = XCBuildConfiguration;
			buildSettings = {
				CLANG_ENABLE_OBJC_ARC = YES;
				COMBINE_HIDPI_IMAGES = YES;
				COPY_PHASE_STRIP = NO;
				DEBUG_INFORMATION_FORMAT = dwarf;
				DYLIB_INSTALL_NAME_BASE = "@rpath";
				ENABLE_NS_ASSERTIONS = YES;
				GCC_OPTIMIZATION_LEVEL = 0;
				GCC_PREPROCESSOR_DEFINITIONS = (
					"$(inherited)",
					"SWIFT_PACKAGE=1",
					"DEBUG=1",
				);
				MACOSX_DEPLOYMENT_TARGET = 10.10;
				ONLY_ACTIVE_ARCH = YES;
				OTHER_SWIFT_FLAGS = "$(inherited) -DXcode";
				PRODUCT_NAME = "$(TARGET_NAME)";
				SDKROOT = macosx;
				SUPPORTED_PLATFORMS = "macosx iphoneos iphonesimulator appletvos appletvsimulator watchos watchsimulator";
				SWIFT_ACTIVE_COMPILATION_CONDITIONS = "$(inherited) SWIFT_PACKAGE DEBUG";
				SWIFT_OPTIMIZATION_LEVEL = "-Onone";
				USE_HEADERMAP = NO;
			};
			name = Debug;
		};
		OBJ_4 /* Release */ = {
			isa = XCBuildConfiguration;
			buildSettings = {
				CLANG_ENABLE_OBJC_ARC = YES;
				COMBINE_HIDPI_IMAGES = YES;
				COPY_PHASE_STRIP = YES;
				DEBUG_INFORMATION_FORMAT = "dwarf-with-dsym";
				DYLIB_INSTALL_NAME_BASE = "@rpath";
				GCC_OPTIMIZATION_LEVEL = s;
				GCC_PREPROCESSOR_DEFINITIONS = (
					"$(inherited)",
					"SWIFT_PACKAGE=1",
				);
				MACOSX_DEPLOYMENT_TARGET = 10.10;
				OTHER_SWIFT_FLAGS = "$(inherited) -DXcode";
				PRODUCT_NAME = "$(TARGET_NAME)";
				SDKROOT = macosx;
				SUPPORTED_PLATFORMS = "macosx iphoneos iphonesimulator appletvos appletvsimulator watchos watchsimulator";
				SWIFT_ACTIVE_COMPILATION_CONDITIONS = "$(inherited) SWIFT_PACKAGE";
				SWIFT_OPTIMIZATION_LEVEL = "-Owholemodule";
				USE_HEADERMAP = NO;
			};
			name = Release;
		};
		OBJ_40 /* Debug */ = {
			isa = XCBuildConfiguration;
			buildSettings = {
				ENABLE_TESTABILITY = YES;
				FRAMEWORK_SEARCH_PATHS = (
					"$(inherited)",
					"$(PLATFORM_DIR)/Developer/Library/Frameworks",
				);
				HEADER_SEARCH_PATHS = "$(inherited)";
				INFOPLIST_FILE = TimerControl.xcodeproj/TimerControl_Info.plist;
				IPHONEOS_DEPLOYMENT_TARGET = 8.0;
				LD_RUNPATH_SEARCH_PATHS = "$(inherited) $(TOOLCHAIN_DIR)/usr/lib/swift/macosx";
				MACOSX_DEPLOYMENT_TARGET = 10.10;
				OTHER_CFLAGS = "$(inherited)";
				OTHER_LDFLAGS = "$(inherited)";
				OTHER_SWIFT_FLAGS = "$(inherited)";
				PRODUCT_BUNDLE_IDENTIFIER = TimerControl;
				PRODUCT_MODULE_NAME = "$(TARGET_NAME:c99extidentifier)";
				PRODUCT_NAME = "$(TARGET_NAME:c99extidentifier)";
				SKIP_INSTALL = YES;
				SWIFT_ACTIVE_COMPILATION_CONDITIONS = "$(inherited)";
				SWIFT_VERSION = 5.0;
				TARGET_NAME = TimerControl;
				TVOS_DEPLOYMENT_TARGET = 9.0;
				WATCHOS_DEPLOYMENT_TARGET = 2.0;
			};
			name = Debug;
		};
		OBJ_41 /* Release */ = {
			isa = XCBuildConfiguration;
			buildSettings = {
				ENABLE_TESTABILITY = YES;
				FRAMEWORK_SEARCH_PATHS = (
					"$(inherited)",
					"$(PLATFORM_DIR)/Developer/Library/Frameworks",
				);
				HEADER_SEARCH_PATHS = "$(inherited)";
				INFOPLIST_FILE = TimerControl.xcodeproj/TimerControl_Info.plist;
				IPHONEOS_DEPLOYMENT_TARGET = 8.0;
				LD_RUNPATH_SEARCH_PATHS = "$(inherited) $(TOOLCHAIN_DIR)/usr/lib/swift/macosx";
				MACOSX_DEPLOYMENT_TARGET = 10.10;
				OTHER_CFLAGS = "$(inherited)";
				OTHER_LDFLAGS = "$(inherited)";
				OTHER_SWIFT_FLAGS = "$(inherited)";
				PRODUCT_BUNDLE_IDENTIFIER = TimerControl;
				PRODUCT_MODULE_NAME = "$(TARGET_NAME:c99extidentifier)";
				PRODUCT_NAME = "$(TARGET_NAME:c99extidentifier)";
				SKIP_INSTALL = YES;
				SWIFT_ACTIVE_COMPILATION_CONDITIONS = "$(inherited)";
				SWIFT_VERSION = 5.0;
				TARGET_NAME = TimerControl;
				TVOS_DEPLOYMENT_TARGET = 9.0;
				WATCHOS_DEPLOYMENT_TARGET = 2.0;
			};
			name = Release;
		};
		OBJ_51 /* Debug */ = {
			isa = XCBuildConfiguration;
			buildSettings = {
				LD = /usr/bin/true;
				OTHER_SWIFT_FLAGS = "-swift-version 5 -I $(TOOLCHAIN_DIR)/usr/lib/swift/pm/4_2 -target x86_64-apple-macosx10.10 -sdk /Applications/Xcode.app/Contents/Developer/Platforms/MacOSX.platform/Developer/SDKs/MacOSX10.15.sdk -package-description-version 5.2.0";
				SWIFT_VERSION = 5.0;
			};
			name = Debug;
		};
		OBJ_52 /* Release */ = {
			isa = XCBuildConfiguration;
			buildSettings = {
				LD = /usr/bin/true;
				OTHER_SWIFT_FLAGS = "-swift-version 5 -I $(TOOLCHAIN_DIR)/usr/lib/swift/pm/4_2 -target x86_64-apple-macosx10.10 -sdk /Applications/Xcode.app/Contents/Developer/Platforms/MacOSX.platform/Developer/SDKs/MacOSX10.15.sdk -package-description-version 5.2.0";
				SWIFT_VERSION = 5.0;
			};
			name = Release;
		};
		OBJ_57 /* Debug */ = {
			isa = XCBuildConfiguration;
			buildSettings = {
			};
			name = Debug;
		};
		OBJ_58 /* Release */ = {
			isa = XCBuildConfiguration;
			buildSettings = {
			};
			name = Release;
		};
		OBJ_62 /* Debug */ = {
			isa = XCBuildConfiguration;
			buildSettings = {
				CLANG_ENABLE_MODULES = YES;
				EMBEDDED_CONTENT_CONTAINS_SWIFT = YES;
				FRAMEWORK_SEARCH_PATHS = (
					"$(inherited)",
					"$(PLATFORM_DIR)/Developer/Library/Frameworks",
				);
				HEADER_SEARCH_PATHS = "$(inherited)";
				INFOPLIST_FILE = TimerControl.xcodeproj/TimerControlTests_Info.plist;
				IPHONEOS_DEPLOYMENT_TARGET = 8.0;
				LD_RUNPATH_SEARCH_PATHS = "$(inherited) @loader_path/../Frameworks @loader_path/Frameworks";
				MACOSX_DEPLOYMENT_TARGET = 10.10;
				OTHER_CFLAGS = "$(inherited)";
				OTHER_LDFLAGS = "$(inherited)";
				OTHER_SWIFT_FLAGS = "$(inherited)";
				SWIFT_ACTIVE_COMPILATION_CONDITIONS = "$(inherited)";
				SWIFT_VERSION = 5.0;
				TARGET_NAME = TimerControlTests;
				TVOS_DEPLOYMENT_TARGET = 9.0;
				WATCHOS_DEPLOYMENT_TARGET = 2.0;
			};
			name = Debug;
		};
		OBJ_63 /* Release */ = {
			isa = XCBuildConfiguration;
			buildSettings = {
				CLANG_ENABLE_MODULES = YES;
				EMBEDDED_CONTENT_CONTAINS_SWIFT = YES;
				FRAMEWORK_SEARCH_PATHS = (
					"$(inherited)",
					"$(PLATFORM_DIR)/Developer/Library/Frameworks",
				);
				HEADER_SEARCH_PATHS = "$(inherited)";
				INFOPLIST_FILE = TimerControl.xcodeproj/TimerControlTests_Info.plist;
				IPHONEOS_DEPLOYMENT_TARGET = 8.0;
				LD_RUNPATH_SEARCH_PATHS = "$(inherited) @loader_path/../Frameworks @loader_path/Frameworks";
				MACOSX_DEPLOYMENT_TARGET = 10.10;
				OTHER_CFLAGS = "$(inherited)";
				OTHER_LDFLAGS = "$(inherited)";
				OTHER_SWIFT_FLAGS = "$(inherited)";
				SWIFT_ACTIVE_COMPILATION_CONDITIONS = "$(inherited)";
				SWIFT_VERSION = 5.0;
				TARGET_NAME = TimerControlTests;
				TVOS_DEPLOYMENT_TARGET = 9.0;
				WATCHOS_DEPLOYMENT_TARGET = 2.0;
			};
			name = Release;
		};
/* End XCBuildConfiguration section */

/* Begin XCConfigurationList section */
		OBJ_2 /* Build configuration list for PBXProject "TimerControl" */ = {
			isa = XCConfigurationList;
			buildConfigurations = (
				OBJ_3 /* Debug */,
				OBJ_4 /* Release */,
			);
			defaultConfigurationIsVisible = 0;
			defaultConfigurationName = Release;
		};
		OBJ_39 /* Build configuration list for PBXNativeTarget "TimerControl" */ = {
			isa = XCConfigurationList;
			buildConfigurations = (
				OBJ_40 /* Debug */,
				OBJ_41 /* Release */,
			);
			defaultConfigurationIsVisible = 0;
			defaultConfigurationName = Release;
		};
		OBJ_50 /* Build configuration list for PBXNativeTarget "TimerControlPackageDescription" */ = {
			isa = XCConfigurationList;
			buildConfigurations = (
				OBJ_51 /* Debug */,
				OBJ_52 /* Release */,
			);
			defaultConfigurationIsVisible = 0;
			defaultConfigurationName = Release;
		};
		OBJ_56 /* Build configuration list for PBXAggregateTarget "TimerControlPackageTests" */ = {
			isa = XCConfigurationList;
			buildConfigurations = (
				OBJ_57 /* Debug */,
				OBJ_58 /* Release */,
			);
			defaultConfigurationIsVisible = 0;
			defaultConfigurationName = Release;
		};
		OBJ_61 /* Build configuration list for PBXNativeTarget "TimerControlTests" */ = {
			isa = XCConfigurationList;
			buildConfigurations = (
				OBJ_62 /* Debug */,
				OBJ_63 /* Release */,
			);
			defaultConfigurationIsVisible = 0;
			defaultConfigurationName = Release;
		};
/* End XCConfigurationList section */
	};
	rootObject = OBJ_1 /* Project object */;
}
